
Microsoft Visual Studio Solution File, Format Version 12.00
# Visual Studio Version 17
VisualStudioVersion = 17.3.32825.248
MinimumVisualStudioVersion = 10.0.40219.1
Project("{FAE04EC0-301F-11D3-BF4B-00C04F79EFBC}") = "Project 6 Currency Converter", "Project 6 Currency Converter\Project 6 Currency Converter.csproj", "{D9007D82-DF8F-456E-AC6F-582AEF77AEDE}"
EndProject
Global
	GlobalSection(SolutionConfigurationPlatforms) = preSolution
		Debug|Any CPU = Debug|Any CPU
		Release|Any CPU = Release|Any CPU
	EndGlobalSection
	GlobalSection(ProjectConfigurationPlatforms) = postSolution
		{D9007D82-DF8F-456E-AC6F-582AEF77AEDE}.Debug|Any CPU.ActiveCfg = Debug|Any CPU
		{D9007D82-DF8F-456E-AC6F-582AEF77AEDE}.Debug|Any CPU.Build.0 = Debug|Any CPU
		{D9007D82-DF8F-456E-AC6F-582AEF77AEDE}.Release|Any CPU.ActiveCfg = Release|Any CPU
		{D9007D82-DF8F-456E-AC6F-582AEF77AEDE}.Release|Any CPU.Build.0 = Release|Any CPU
	EndGlobalSection
	GlobalSection(SolutionProperties) = preSolution
		HideSolutionNode = FALSE
	EndGlobalSection
	GlobalSection(ExtensibilityGlobals) = postSolution
		SolutionGuid = {34CC15CE-B736-4010-B1BE-F69DB7165135}
	EndGlobalSection
EndGlobal
