
Microsoft Visual Studio Solution File, Format Version 12.00
# Visual Studio Version 17
VisualStudioVersion = 17.3.32825.248
MinimumVisualStudioVersion = 10.0.40219.1
Project("{FAE04EC0-301F-11D3-BF4B-00C04F79EFBC}") = "Restaurant Bill", "Restaurant Bill\Restaurant Bill.csproj", "{8DC43721-32DC-4D51-824D-10B51EB0D6A6}"
EndProject
Global
	GlobalSection(SolutionConfigurationPlatforms) = preSolution
		Debug|Any CPU = Debug|Any CPU
		Release|Any CPU = Release|Any CPU
	EndGlobalSection
	GlobalSection(ProjectConfigurationPlatforms) = postSolution
		{8DC43721-32DC-4D51-824D-10B51EB0D6A6}.Debug|Any CPU.ActiveCfg = Debug|Any CPU
		{8DC43721-32DC-4D51-824D-10B51EB0D6A6}.Debug|Any CPU.Build.0 = Debug|Any CPU
		{8DC43721-32DC-4D51-824D-10B51EB0D6A6}.Release|Any CPU.ActiveCfg = Release|Any CPU
		{8DC43721-32DC-4D51-824D-10B51EB0D6A6}.Release|Any CPU.Build.0 = Release|Any CPU
	EndGlobalSection
	GlobalSection(SolutionProperties) = preSolution
		HideSolutionNode = FALSE
	EndGlobalSection
	GlobalSection(ExtensibilityGlobals) = postSolution
		SolutionGuid = {5B7E05F3-D991-4B4D-8860-FE73EC555947}
	EndGlobalSection
EndGlobal
